{
  "name": "codekit-project",
  "version": "1.0.0",
  "lockfileVersion": 1,
  "requires": true,
  "dependencies": {
    "@fancyapps/ui": {
      "version": "4.0.26",
      "resolved": "https://registry.npmjs.org/@fancyapps/ui/-/ui-4.0.26.tgz",
      "integrity": "sha512-BcqK/lOMQ0IbR7DUcNK6olUCaOWlEqW7Oi3qdltur87zs6doFnno5fyKv9cDMRnuH4IxudU7Cz1zRzSUfsDWJA=="
    },
    "gsap": {
      "version": "file:../../../../../joshgdovin/Documents/GitHub/Drexel/Web 3/web-3-Josh-W22/gsap-bonus.tgz",
      "integrity": "sha512-8cZp2/l9gBdFzI7Dpojh8tVPRDFivowSX8N3jl42zecPv8SXdysx4GrJcwVJz4Bl/pamFZdi17s85m4Bq5/pcQ=="
    }
  }
}
